// !$*UTF8*$!
{
	archiveVersion = 1;
	classes = {
	};
	objectVersion = 50;
	objects = {

/* Begin PBXBuildFile section */
		570246D825C318CD004D25C8 /* LakefieldMapApp.swift in Sources */ = {isa = PBXBuildFile; fileRef = 570246C525C318C9004D25C8 /* LakefieldMapApp.swift */; };
		570246D925C318CD004D25C8 /* LakefieldMapApp.swift in Sources */ = {isa = PBXBuildFile; fileRef = 570246C525C318C9004D25C8 /* LakefieldMapApp.swift */; };
		570246DC25C318CD004D25C8 /* Assets.xcassets in Resources */ = {isa = PBXBuildFile; fileRef = 570246C725C318CD004D25C8 /* Assets.xcassets */; };
		570246DD25C318CD004D25C8 /* Assets.xcassets in Resources */ = {isa = PBXBuildFile; fileRef = 570246C725C318CD004D25C8 /* Assets.xcassets */; };
		570246F325C319B7004D25C8 /* MapView.swift in Sources */ = {isa = PBXBuildFile; fileRef = 570246F225C319B7004D25C8 /* MapView.swift */; };
		570246F425C319B7004D25C8 /* MapView.swift in Sources */ = {isa = PBXBuildFile; fileRef = 570246F225C319B7004D25C8 /* MapView.swift */; };
		570246FA25C319CF004D25C8 /* DetailView.swift in Sources */ = {isa = PBXBuildFile; fileRef = 570246F925C319CF004D25C8 /* DetailView.swift */; };
		570246FB25C319CF004D25C8 /* DetailView.swift in Sources */ = {isa = PBXBuildFile; fileRef = 570246F925C319CF004D25C8 /* DetailView.swift */; };
		5702470125C31A5E004D25C8 /* Landmark.swift in Sources */ = {isa = PBXBuildFile; fileRef = 5702470025C31A5E004D25C8 /* Landmark.swift */; };
		5702470225C31A5E004D25C8 /* Landmark.swift in Sources */ = {isa = PBXBuildFile; fileRef = 5702470025C31A5E004D25C8 /* Landmark.swift */; };
		5702470825C31A77004D25C8 /* LandmarkStore.swift in Sources */ = {isa = PBXBuildFile; fileRef = 5702470725C31A77004D25C8 /* LandmarkStore.swift */; };
		5702470925C31A77004D25C8 /* LandmarkStore.swift in Sources */ = {isa = PBXBuildFile; fileRef = 5702470725C31A77004D25C8 /* LandmarkStore.swift */; };
		5702471625C32020004D25C8 /* Landmarks.json in Resources */ = {isa = PBXBuildFile; fileRef = 5702471525C32020004D25C8 /* Landmarks.json */; };
		5702471725C32020004D25C8 /* Landmarks.json in Resources */ = {isa = PBXBuildFile; fileRef = 5702471525C32020004D25C8 /* Landmarks.json */; };
/* End PBXBuildFile section */

/* Begin PBXFileReference section */
		570246C525C318C9004D25C8 /* LakefieldMapApp.swift */ = {isa = PBXFileReference; lastKnownFileType = sourcecode.swift; path = LakefieldMapApp.swift; sourceTree = "<group>"; };
		570246C725C318CD004D25C8 /* Assets.xcassets */ = {isa = PBXFileReference; lastKnownFileType = folder.assetcatalog; path = Assets.xcassets; sourceTree = "<group>"; };
		570246CC25C318CD004D25C8 /* LakefieldMap.app */ = {isa = PBXFileReference; explicitFileType = wrapper.application; includeInIndex = 0; path = LakefieldMap.app; sourceTree = BUILT_PRODUCTS_DIR; };
		570246CF25C318CD004D25C8 /* Info.plist */ = {isa = PBXFileReference; lastKnownFileType = text.plist.xml; path = Info.plist; sourceTree = "<group>"; };
		570246D425C318CD004D25C8 /* LakefieldMap.app */ = {isa = PBXFileReference; explicitFileType = wrapper.application; includeInIndex = 0; path = LakefieldMap.app; sourceTree = BUILT_PRODUCTS_DIR; };
		570246D625C318CD004D25C8 /* Info.plist */ = {isa = PBXFileReference; lastKnownFileType = text.plist.xml; path = Info.plist; sourceTree = "<group>"; };
		570246D725C318CD004D25C8 /* macOS.entitlements */ = {isa = PBXFileReference; lastKnownFileType = text.plist.entitlements; path = macOS.entitlements; sourceTree = "<group>"; };
		570246F225C319B7004D25C8 /* MapView.swift */ = {isa = PBXFileReference; lastKnownFileType = sourcecode.swift; path = MapView.swift; sourceTree = "<group>"; };
		570246F925C319CF004D25C8 /* DetailView.swift */ = {isa = PBXFileReference; lastKnownFileType = sourcecode.swift; path = DetailView.swift; sourceTree = "<group>"; };
		5702470025C31A5E004D25C8 /* Landmark.swift */ = {isa = PBXFileReference; lastKnownFileType = sourcecode.swift; path = Landmark.swift; sourceTree = "<group>"; };
		5702470725C31A77004D25C8 /* LandmarkStore.swift */ = {isa = PBXFileReference; lastKnownFileType = sourcecode.swift; path = LandmarkStore.swift; sourceTree = "<group>"; };
		5702471525C32020004D25C8 /* Landmarks.json */ = {isa = PBXFileReference; fileEncoding = 4; lastKnownFileType = text.json; path = Landmarks.json; sourceTree = SOURCE_ROOT; };
/* End PBXFileReference section */

/* Begin PBXFrameworksBuildPhase section */
		570246C925C318CD004D25C8 /* Frameworks */ = {
			isa = PBXFrameworksBuildPhase;
			buildActionMask = 2147483647;
			files = (
			);
			runOnlyForDeploymentPostprocessing = 0;
		};
		570246D125C318CD004D25C8 /* Frameworks */ = {
			isa = PBXFrameworksBuildPhase;
			buildActionMask = 2147483647;
			files = (
			);
			runOnlyForDeploymentPostprocessing = 0;
		};
/* End PBXFrameworksBuildPhase section */

/* Begin PBXGroup section */
		570246BF25C318C8004D25C8 = {
			isa = PBXGroup;
			children = (
				570246C525C318C9004D25C8 /* LakefieldMapApp.swift */,
				570246C425C318C9004D25C8 /* Shared */,
				570246EA25C31972004D25C8 /* Views */,
				570246CE25C318CD004D25C8 /* iOS */,
				570246D525C318CD004D25C8 /* macOS */,
				570246CD25C318CD004D25C8 /* Products */,
			);
			sourceTree = "<group>";
		};
		570246C425C318C9004D25C8 /* Shared */ = {
			isa = PBXGroup;
			children = (
				5702471525C32020004D25C8 /* Landmarks.json */,
				5702470025C31A5E004D25C8 /* Landmark.swift */,
				5702470725C31A77004D25C8 /* LandmarkStore.swift */,
				570246C725C318CD004D25C8 /* Assets.xcassets */,
			);
			path = Shared;
			sourceTree = "<group>";
		};
		570246CD25C318CD004D25C8 /* Products */ = {
			isa = PBXGroup;
			children = (
				570246CC25C318CD004D25C8 /* LakefieldMap.app */,
				570246D425C318CD004D25C8 /* LakefieldMap.app */,
			);
			name = Products;
			sourceTree = "<group>";
		};
		570246CE25C318CD004D25C8 /* iOS */ = {
			isa = PBXGroup;
			children = (
				570246CF25C318CD004D25C8 /* Info.plist */,
			);
			path = iOS;
			sourceTree = "<group>";
		};
		570246D525C318CD004D25C8 /* macOS */ = {
			isa = PBXGroup;
			children = (
				570246D625C318CD004D25C8 /* Info.plist */,
				570246D725C318CD004D25C8 /* macOS.entitlements */,
			);
			path = macOS;
			sourceTree = "<group>";
		};
		570246EA25C31972004D25C8 /* Views */ = {
			isa = PBXGroup;
			children = (
				570246F225C319B7004D25C8 /* MapView.swift */,
				570246F925C319CF004D25C8 /* DetailView.swift */,
			);
			path = Views;
			sourceTree = "<group>";
		};
/* End PBXGroup section */

/* Begin PBXNativeTarget section */
		570246CB25C318CD004D25C8 /* LakefieldMap (iOS) */ = {
			isa = PBXNativeTarget;
			buildConfigurationList = 570246E025C318CD004D25C8 /* Build configuration list for PBXNativeTarget "LakefieldMap (iOS)" */;
			buildPhases = (
				570246C825C318CD004D25C8 /* Sources */,
				570246C925C318CD004D25C8 /* Frameworks */,
				570246CA25C318CD004D25C8 /* Resources */,
			);
			buildRules = (
			);
			dependencies = (
			);
			name = "LakefieldMap (iOS)";
			productName = "LakefieldMap (iOS)";
			productReference = 570246CC25C318CD004D25C8 /* LakefieldMap.app */;
			productType = "com.apple.product-type.application";
		};
		570246D325C318CD004D25C8 /* LakefieldMap (macOS) */ = {
			isa = PBXNativeTarget;
			buildConfigurationList = 570246E325C318CD004D25C8 /* Build configuration list for PBXNativeTarget "LakefieldMap (macOS)" */;
			buildPhases = (
				570246D025C318CD004D25C8 /* Sources */,
				570246D125C318CD004D25C8 /* Frameworks */,
				570246D225C318CD004D25C8 /* Resources */,
			);
			buildRules = (
			);
			dependencies = (
			);
			name = "LakefieldMap (macOS)";
			productName = "LakefieldMap (macOS)";
			productReference = 570246D425C318CD004D25C8 /* LakefieldMap.app */;
			productType = "com.apple.product-type.application";
		};
/* End PBXNativeTarget section */

/* Begin PBXProject section */
		570246C025C318C8004D25C8 /* Project object */ = {
			isa = PBXProject;
			attributes = {
				LastSwiftUpdateCheck = 1230;
				LastUpgradeCheck = 1230;
				TargetAttributes = {
					570246CB25C318CD004D25C8 = {
						CreatedOnToolsVersion = 12.3;
					};
					570246D325C318CD004D25C8 = {
						CreatedOnToolsVersion = 12.3;
					};
				};
			};
			buildConfigurationList = 570246C325C318C8004D25C8 /* Build configuration list for PBXProject "LakefieldMap" */;
			compatibilityVersion = "Xcode 9.3";
			developmentRegion = en;
			hasScannedForEncodings = 0;
			knownRegions = (
				en,
				Base,
			);
			mainGroup = 570246BF25C318C8004D25C8;
			productRefGroup = 570246CD25C318CD004D25C8 /* Products */;
			projectDirPath = "";
			projectRoot = "";
			targets = (
				570246CB25C318CD004D25C8 /* LakefieldMap (iOS) */,
				570246D325C318CD004D25C8 /* LakefieldMap (macOS) */,
			);
		};
/* End PBXProject section */

/* Begin PBXResourcesBuildPhase section */
		570246CA25C318CD004D25C8 /* Resources */ = {
			isa = PBXResourcesBuildPhase;
			buildActionMask = 2147483647;
			files = (
				570246DC25C318CD004D25C8 /* Assets.xcassets in Resources */,
				5702471625C32020004D25C8 /* Landmarks.json in Resources */,
			);
			runOnlyForDeploymentPostprocessing = 0;
		};
		570246D225C318CD004D25C8 /* Resources */ = {
			isa = PBXResourcesBuildPhase;
			buildActionMask = 2147483647;
			files = (
				570246DD25C318CD004D25C8 /* Assets.xcassets in Resources */,
				5702471725C32020004D25C8 /* Landmarks.json in Resources */,
			);
			runOnlyForDeploymentPostprocessing = 0;
		};
/* End PBXResourcesBuildPhase section */

/* Begin PBXSourcesBuildPhase section */
		570246C825C318CD004D25C8 /* Sources */ = {
			isa = PBXSourcesBuildPhase;
			buildActionMask = 2147483647;
			files = (
				5702470825C31A77004D25C8 /* LandmarkStore.swift in Sources */,
				570246F325C319B7004D25C8 /* MapView.swift in Sources */,
				570246FA25C319CF004D25C8 /* DetailView.swift in Sources */,
				570246D825C318CD004D25C8 /* LakefieldMapApp.swift in Sources */,
				5702470125C31A5E004D25C8 /* Landmark.swift in Sources */,
			);
			runOnlyForDeploymentPostprocessing = 0;
		};
		570246D025C318CD004D25C8 /* Sources */ = {
			isa = PBXSourcesBuildPhase;
			buildActionMask = 2147483647;
			files = (
				5702470925C31A77004D25C8 /* LandmarkStore.swift in Sources */,
				570246F425C319B7004D25C8 /* MapView.swift in Sources */,
				570246FB25C319CF004D25C8 /* DetailView.swift in Sources */,
				570246D925C318CD004D25C8 /* LakefieldMapApp.swift in Sources */,
				5702470225C31A5E004D25C8 /* Landmark.swift in Sources */,
			);
			runOnlyForDeploymentPostprocessing = 0;
		};
/* End PBXSourcesBuildPhase section */

/* Begin XCBuildConfiguration section */
		570246DE25C318CD004D25C8 /* Debug */ = {
			isa = XCBuildConfiguration;
			buildSettings = {
				ALWAYS_SEARCH_USER_PATHS = NO;
				CLANG_ANALYZER_NONNULL = YES;
				CLANG_ANALYZER_NUMBER_OBJECT_CONVERSION = YES_AGGRESSIVE;
				CLANG_CXX_LANGUAGE_STANDARD = "gnu++14";
				CLANG_CXX_LIBRARY = "libc++";
				CLANG_ENABLE_MODULES = YES;
				CLANG_ENABLE_OBJC_ARC = YES;
				CLANG_ENABLE_OBJC_WEAK = YES;
				CLANG_WARN_BLOCK_CAPTURE_AUTORELEASING = YES;
				CLANG_WARN_BOOL_CONVERSION = YES;
				CLANG_WARN_COMMA = YES;
				CLANG_WARN_CONSTANT_CONVERSION = YES;
				CLANG_WARN_DEPRECATED_OBJC_IMPLEMENTATIONS = YES;
				CLANG_WARN_DIRECT_OBJC_ISA_USAGE = YES_ERROR;
				CLANG_WARN_DOCUMENTATION_COMMENTS = YES;
				CLANG_WARN_EMPTY_BODY = YES;
				CLANG_WARN_ENUM_CONVERSION = YES;
				CLANG_WARN_INFINITE_RECURSION = YES;
				CLANG_WARN_INT_CONVERSION = YES;
				CLANG_WARN_NON_LITERAL_NULL_CONVERSION = YES;
				CLANG_WARN_OBJC_IMPLICIT_RETAIN_SELF = YES;
				CLANG_WARN_OBJC_LITERAL_CONVERSION = YES;
				CLANG_WARN_OBJC_ROOT_CLASS = YES_ERROR;
				CLANG_WARN_QUOTED_INCLUDE_IN_FRAMEWORK_HEADER = YES;
				CLANG_WARN_RANGE_LOOP_ANALYSIS = YES;
				CLANG_WARN_STRICT_PROTOTYPES = YES;
				CLANG_WARN_SUSPICIOUS_MOVE = YES;
				CLANG_WARN_UNGUARDED_AVAILABILITY = YES_AGGRESSIVE;
				CLANG_WARN_UNREACHABLE_CODE = YES;
				CLANG_WARN__DUPLICATE_METHOD_MATCH = YES;
				COPY_PHASE_STRIP = NO;
				DEBUG_INFORMATION_FORMAT = dwarf;
				ENABLE_STRICT_OBJC_MSGSEND = YES;
				ENABLE_TESTABILITY = YES;
				GCC_C_LANGUAGE_STANDARD = gnu11;
				GCC_DYNAMIC_NO_PIC = NO;
				GCC_NO_COMMON_BLOCKS = YES;
				GCC_OPTIMIZATION_LEVEL = 0;
				GCC_PREPROCESSOR_DEFINITIONS = (
					"DEBUG=1",
					"$(inherited)",
				);
				GCC_WARN_64_TO_32_BIT_CONVERSION = YES;
				GCC_WARN_ABOUT_RETURN_TYPE = YES_ERROR;
				GCC_WARN_UNDECLARED_SELECTOR = YES;
				GCC_WARN_UNINITIALIZED_AUTOS = YES_AGGRESSIVE;
				GCC_WARN_UNUSED_FUNCTION = YES;
				GCC_WARN_UNUSED_VARIABLE = YES;
				MTL_ENABLE_DEBUG_INFO = INCLUDE_SOURCE;
				MTL_FAST_MATH = YES;
				ONLY_ACTIVE_ARCH = YES;
				SWIFT_ACTIVE_COMPILATION_CONDITIONS = DEBUG;
				SWIFT_OPTIMIZATION_LEVEL = "-Onone";
			};
			name = Debug;
		};
		570246DF25C318CD004D25C8 /* Release */ = {
			isa = XCBuildConfiguration;
			buildSettings = {
				ALWAYS_SEARCH_USER_PATHS = NO;
				CLANG_ANALYZER_NONNULL = YES;
				CLANG_ANALYZER_NUMBER_OBJECT_CONVERSION = YES_AGGRESSIVE;
				CLANG_CXX_LANGUAGE_STANDARD = "gnu++14";
				CLANG_CXX_LIBRARY = "libc++";
				CLANG_ENABLE_MODULES = YES;
				CLANG_ENABLE_OBJC_ARC = YES;
				CLANG_ENABLE_OBJC_WEAK = YES;
				CLANG_WARN_BLOCK_CAPTURE_AUTORELEASING = YES;
				CLANG_WARN_BOOL_CONVERSION = YES;
				CLANG_WARN_COMMA = YES;
				CLANG_WARN_CONSTANT_CONVERSION = YES;
				CLANG_WARN_DEPRECATED_OBJC_IMPLEMENTATIONS = YES;
				CLANG_WARN_DIRECT_OBJC_ISA_USAGE = YES_ERROR;
				CLANG_WARN_DOCUMENTATION_COMMENTS = YES;
				CLANG_WARN_EMPTY_BODY = YES;
				CLANG_WARN_ENUM_CONVERSION = YES;
				CLANG_WARN_INFINITE_RECURSION = YES;
				CLANG_WARN_INT_CONVERSION = YES;
				CLANG_WARN_NON_LITERAL_NULL_CONVERSION = YES;
				CLANG_WARN_OBJC_IMPLICIT_RETAIN_SELF = YES;
				CLANG_WARN_OBJC_LITERAL_CONVERSION = YES;
				CLANG_WARN_OBJC_ROOT_CLASS = YES_ERROR;
				CLANG_WARN_QUOTED_INCLUDE_IN_FRAMEWORK_HEADER = YES;
				CLANG_WARN_RANGE_LOOP_ANALYSIS = YES;
				CLANG_WARN_STRICT_PROTOTYPES = YES;
				CLANG_WARN_SUSPICIOUS_MOVE = YES;
				CLANG_WARN_UNGUARDED_AVAILABILITY = YES_AGGRESSIVE;
				CLANG_WARN_UNREACHABLE_CODE = YES;
				CLANG_WARN__DUPLICATE_METHOD_MATCH = YES;
				COPY_PHASE_STRIP = NO;
				DEBUG_INFORMATION_FORMAT = "dwarf-with-dsym";
				ENABLE_NS_ASSERTIONS = NO;
				ENABLE_STRICT_OBJC_MSGSEND = YES;
				GCC_C_LANGUAGE_STANDARD = gnu11;
				GCC_NO_COMMON_BLOCKS = YES;
				GCC_WARN_64_TO_32_BIT_CONVERSION = YES;
				GCC_WARN_ABOUT_RETURN_TYPE = YES_ERROR;
				GCC_WARN_UNDECLARED_SELECTOR = YES;
				GCC_WARN_UNINITIALIZED_AUTOS = YES_AGGRESSIVE;
				GCC_WARN_UNUSED_FUNCTION = YES;
				GCC_WARN_UNUSED_VARIABLE = YES;
				MTL_ENABLE_DEBUG_INFO = NO;
				MTL_FAST_MATH = YES;
				SWIFT_COMPILATION_MODE = wholemodule;
				SWIFT_OPTIMIZATION_LEVEL = "-O";
			};
			name = Release;
		};
		570246E125C318CD004D25C8 /* Debug */ = {
			isa = XCBuildConfiguration;
			buildSettings = {
				ASSETCATALOG_COMPILER_APPICON_NAME = AppIcon;
				ASSETCATALOG_COMPILER_GLOBAL_ACCENT_COLOR_NAME = AccentColor;
				CODE_SIGN_STYLE = Automatic;
				DEVELOPMENT_TEAM = QP225TF54Z;
				ENABLE_PREVIEWS = YES;
				INFOPLIST_FILE = iOS/Info.plist;
				IPHONEOS_DEPLOYMENT_TARGET = 14.0;
				LD_RUNPATH_SEARCH_PATHS = (
					"$(inherited)",
					"@executable_path/Frameworks",
				);
				PRODUCT_BUNDLE_IDENTIFIER = ca.HungBranton.LakefieldMap;
				PRODUCT_NAME = LakefieldMap;
				SDKROOT = iphoneos;
				SWIFT_VERSION = 5.0;
				TARGETED_DEVICE_FAMILY = "1,2";
			};
			name = Debug;
		};
		570246E225C318CD004D25C8 /* Release */ = {
			isa = XCBuildConfiguration;
			buildSettings = {
				ASSETCATALOG_COMPILER_APPICON_NAME = AppIcon;
				ASSETCATALOG_COMPILER_GLOBAL_ACCENT_COLOR_NAME = AccentColor;
				CODE_SIGN_STYLE = Automatic;
				DEVELOPMENT_TEAM = QP225TF54Z;
				ENABLE_PREVIEWS = YES;
				INFOPLIST_FILE = iOS/Info.plist;
				IPHONEOS_DEPLOYMENT_TARGET = 14.0;
				LD_RUNPATH_SEARCH_PATHS = (
					"$(inherited)",
					"@executable_path/Frameworks",
				);
				PRODUCT_BUNDLE_IDENTIFIER = ca.HungBranton.LakefieldMap;
				PRODUCT_NAME = LakefieldMap;
				SDKROOT = iphoneos;
				SWIFT_VERSION = 5.0;
				TARGETED_DEVICE_FAMILY = "1,2";
				VALIDATE_PRODUCT = YES;
			};
			name = Release;
		};
		570246E425C318CD004D25C8 /* Debug */ = {
			isa = XCBuildConfiguration;
			buildSettings = {
				ASSETCATALOG_COMPILER_APPICON_NAME = AppIcon;
				ASSETCATALOG_COMPILER_GLOBAL_ACCENT_COLOR_NAME = AccentColor;
				CODE_SIGN_ENTITLEMENTS = macOS/macOS.entitlements;
				CODE_SIGN_STYLE = Automatic;
				COMBINE_HIDPI_IMAGES = YES;
				DEVELOPMENT_TEAM = QP225TF54Z;
				ENABLE_HARDENED_RUNTIME = YES;
				ENABLE_PREVIEWS = YES;
				INFOPLIST_FILE = macOS/Info.plist;
				LD_RUNPATH_SEARCH_PATHS = (
					"$(inherited)",
					"@executable_path/../Frameworks",
				);
				MACOSX_DEPLOYMENT_TARGET = 11.0;
				PRODUCT_BUNDLE_IDENTIFIER = ca.HungBranton.LakefieldMap;
				PRODUCT_NAME = LakefieldMap;
				SDKROOT = macosx;
				SWIFT_VERSION = 5.0;
			};
			name = Debug;
		};
		570246E525C318CD004D25C8 /* Release */ = {
			isa = XCBuildConfiguration;
			buildSettings = {
				ASSETCATALOG_COMPILER_APPICON_NAME = AppIcon;
				ASSETCATALOG_COMPILER_GLOBAL_ACCENT_COLOR_NAME = AccentColor;
				CODE_SIGN_ENTITLEMENTS = macOS/macOS.entitlements;
				CODE_SIGN_STYLE = Automatic;
				COMBINE_HIDPI_IMAGES = YES;
				DEVELOPMENT_TEAM = QP225TF54Z;
				ENABLE_HARDENED_RUNTIME = YES;
				ENABLE_PREVIEWS = YES;
				INFOPLIST_FILE = macOS/Info.plist;
				LD_RUNPATH_SEARCH_PATHS = (
					"$(inherited)",
					"@executable_path/../Frameworks",
				);
				MACOSX_DEPLOYMENT_TARGET = 11.0;
				PRODUCT_BUNDLE_IDENTIFIER = ca.HungBranton.LakefieldMap;
				PRODUCT_NAME = LakefieldMap;
				SDKROOT = macosx;
				SWIFT_VERSION = 5.0;
			};
			name = Release;
		};
/* End XCBuildConfiguration section */

/* Begin XCConfigurationList section */
		570246C325C318C8004D25C8 /* Build configuration list for PBXProject "LakefieldMap" */ = {
			isa = XCConfigurationList;
			buildConfigurations = (
				570246DE25C318CD004D25C8 /* Debug */,
				570246DF25C318CD004D25C8 /* Release */,
			);
			defaultConfigurationIsVisible = 0;
			defaultConfigurationName = Release;
		};
		570246E025C318CD004D25C8 /* Build configuration list for PBXNativeTarget "LakefieldMap (iOS)" */ = {
			isa = XCConfigurationList;
			buildConfigurations = (
				570246E125C318CD004D25C8 /* Debug */,
				570246E225C318CD004D25C8 /* Release */,
			);
			defaultConfigurationIsVisible = 0;
			defaultConfigurationName = Release;
		};
		570246E325C318CD004D25C8 /* Build configuration list for PBXNativeTarget "LakefieldMap (macOS)" */ = {
			isa = XCConfigurationList;
			buildConfigurations = (
				570246E425C318CD004D25C8 /* Debug */,
				570246E525C318CD004D25C8 /* Release */,
			);
			defaultConfigurationIsVisible = 0;
			defaultConfigurationName = Release;
		};
/* End XCConfigurationList section */
	};
	rootObject = 570246C025C318C8004D25C8 /* Project object */;
}
